
Microsoft Visual Studio Solution File, Format Version 12.00
# Visual Studio Version 16
VisualStudioVersion = 16.0.29215.179
MinimumVisualStudioVersion = 10.0.40219.1
Project("{9A19103F-16F7-4668-BE54-9A1E7A4F7556}") = "registrationApp", "registrationApp.csproj", "{FBDB4C53-F1A6-44EB-A8A4-DC1F476A28E7}"
EndProject
Global
	GlobalSection(SolutionConfigurationPlatforms) = preSolution
		Debug|Any CPU = Debug|Any CPU
		Release|Any CPU = Release|Any CPU
	EndGlobalSection
	GlobalSection(ProjectConfigurationPlatforms) = postSolution
		{FBDB4C53-F1A6-44EB-A8A4-DC1F476A28E7}.Debug|Any CPU.ActiveCfg = Debug|Any CPU
		{FBDB4C53-F1A6-44EB-A8A4-DC1F476A28E7}.Debug|Any CPU.Build.0 = Debug|Any CPU
		{FBDB4C53-F1A6-44EB-A8A4-DC1F476A28E7}.Release|Any CPU.ActiveCfg = Release|Any CPU
		{FBDB4C53-F1A6-44EB-A8A4-DC1F476A28E7}.Release|Any CPU.Build.0 = Release|Any CPU
	EndGlobalSection
	GlobalSection(SolutionProperties) = preSolution
		HideSolutionNode = FALSE
	EndGlobalSection
	GlobalSection(ExtensibilityGlobals) = postSolution
		SolutionGuid = {6DD45107-1090-4048-8E0F-797B5F620F34}
	EndGlobalSection
EndGlobal
